{
    "_meta": {
        "hash": {
            "sha256": "484788ec8ad9031292c4dd1a8501ba4bea4bbd0610e29b736d6a6d01e135b821"
        },
        "pipfile-spec": 6,
        "requires": {
            "python_version": "3.7"
        },
        "sources": [
            {
                "name": "pypi",
                "url": "https://pypi.org/simple",
                "verify_ssl": true
            }
        ]
    },
    "default": {
        "pulsectl": {
            "path": "./../../python-pulse-control"
        }
    },
    "develop": {
        "pulsectl": {
            "path": "./../../python-pulse-control"
        }
    }
}
